{
  "name": "mc-hahn",
  "lockfileVersion": 3,
  "requires": true,
  "packages": {
    "": {
      "dependencies": {
        "hammerjs": "^2.0.8",
        "ionic-long-press": "^2.0.3"
      }
    },
    "node_modules/hammerjs": {
      "version": "2.0.8",
      "resolved": "https://registry.npmjs.org/hammerjs/-/hammerjs-2.0.8.tgz",
      "integrity": "sha512-tSQXBXS/MWQOn/RKckawJ61vvsDpCom87JgxiYdGwHdOa0ht0vzUWDlfioofFCRU0L+6NGDt6XzbgoJvZkMeRQ==",
      "engines": {
        "node": ">=0.8.0"
      }
    },
    "node_modules/ionic-long-press": {
      "version": "2.0.3",
      "resolved": "https://registry.npmjs.org/ionic-long-press/-/ionic-long-press-2.0.3.tgz",
      "integrity": "sha512-mFU61xIIAq1JEmXvKwYbqaHgBZ+yRm8NBpD7FugJfZpE66Tkwk8UYRTyUvW+0e8jCUBmuaqcGi81J1dGv9+a5g==",
      "dependencies": {
        "tslib": "^1.9.0"
      },
      "peerDependencies": {
        "@angular/core": "8.2.14",
        "@ionic/angular": ">=4",
        "@types/hammerjs": "^2.0.36",
        "hammerjs": "^2.0.8"
      }
    },
    "node_modules/tslib": {
      "version": "1.14.1",
      "resolved": "https://registry.npmjs.org/tslib/-/tslib-1.14.1.tgz",
      "integrity": "sha512-Xni35NKzjgMrwevysHTCArtLDpPvye8zV/0E4EyYn43P7/7qvQwPh9BGkHewbMulVntbigmcT7rdX3BNo9wRJg=="
    }
  }
}
